
Microsoft Visual Studio Solution File, Format Version 12.00
# Visual Studio Version 16
VisualStudioVersion = 16.0.28803.352
MinimumVisualStudioVersion = 10.0.40219.1
Project("{9A19103F-16F7-4668-BE54-9A1E7A4F7556}") = "XmSoft.NetCore.PetaPocoExtensions", "XmSoft.NetCore.PetaPocoExtensions.csproj", "{21BBD29D-9492-4B9C-BBBB-91DF95CEE9FA}"
EndProject
Global
	GlobalSection(SolutionConfigurationPlatforms) = preSolution
		Debug|Any CPU = Debug|Any CPU
		Release|Any CPU = Release|Any CPU
	EndGlobalSection
	GlobalSection(ProjectConfigurationPlatforms) = postSolution
		{21BBD29D-9492-4B9C-BBBB-91DF95CEE9FA}.Debug|Any CPU.ActiveCfg = Debug|Any CPU
		{21BBD29D-9492-4B9C-BBBB-91DF95CEE9FA}.Debug|Any CPU.Build.0 = Debug|Any CPU
		{21BBD29D-9492-4B9C-BBBB-91DF95CEE9FA}.Release|Any CPU.ActiveCfg = Release|Any CPU
		{21BBD29D-9492-4B9C-BBBB-91DF95CEE9FA}.Release|Any CPU.Build.0 = Release|Any CPU
	EndGlobalSection
	GlobalSection(SolutionProperties) = preSolution
		HideSolutionNode = FALSE
	EndGlobalSection
	GlobalSection(ExtensibilityGlobals) = postSolution
		SolutionGuid = {7CCE23B6-E2FC-410C-9FEE-9337CCF1F25D}
	EndGlobalSection
EndGlobal
